<?xml version="1.0" encoding="utf-8"?>
<Project ToolsVersion="4.0" xmlns="http://schemas.microsoft.com/developer/msbuild/2003">
  <ItemGroup>
    <Filter Include="Source Files">
      <UniqueIdentifier>{4FC737F1-C7A5-4376-A066-2A32D752A2FF}</UniqueIdentifier>
      <Extensions>cpp;c;cc;cxx;def;odl;idl;hpj;bat;asm;asmx</Extensions>
    </Filter>
    <Filter Include="Header Files">
      <UniqueIdentifier>{93995380-89BD-4b04-88EB-625FBE52EBFB}</UniqueIdentifier>
      <Extensions>h;hpp;hxx;hm;inl;inc;xsd</Extensions>
    </Filter>
    <Filter Include="Resource Files">
      <UniqueIdentifier>{67DA6AB6-F800-4c08-8B7A-83BB121AAD01}</UniqueIdentifier>
      <Extensions>rc;ico;cur;bmp;dlg;rc2;rct;bin;rgs;gif;jpg;jpeg;jpe;resx;tiff;tif;png;wav;mfcribbon-ms</Extensions>
    </Filter>
  </ItemGroup>
  <ItemGroup>
    <None Include="ReadMe.txt" />
  </ItemGroup>
  <ItemGroup>
    <ClInclude Include="modules.h">
      <Filter>Header Files</Filter>
    </ClInclude>
    <ClInclude Include="adder.h">
      <Filter>Header Files</Filter>
    </ClInclude>
    <ClInclude Include="module.h">
      <Filter>Header Files</Filter>
    </ClInclude>
    <ClInclude Include="multiplier.h">
      <Filter>Header Files</Filter>
    </ClInclude>
    <ClInclude Include="ComparatorModule.h">
      <Filter>Header Files</Filter>
    </ClInclude>
    <ClInclude Include="ConstantModule.h">
      <Filter>Header Files</Filter>
    </ClInclude>
    <ClInclude Include="MaxInputModule.h">
      <Filter>Header Files</Filter>
    </ClInclude>
    <ClInclude Include="bit_shift.h">
      <Filter>Header Files</Filter>
    </ClInclude>
    <ClInclude Include="MedianModule.h">
      <Filter>Header Files</Filter>
    </ClInclude>
    <ClInclude Include="Multiplexer.h">
      <Filter>Header Files</Filter>
    </ClInclude>
    <ClInclude Include="PixelEvaluator.h">
      <Filter>Header Files</Filter>
    </ClInclude>
    <ClInclude Include="PixelInput.h">
      <Filter>Header Files</Filter>
    </ClInclude>
    <ClInclude Include="SigmoidInput.h">
      <Filter>Header Files</Filter>
    </ClInclude>
    <ClInclude Include="AndOr.h">
      <Filter>Header Files</Filter>
    </ClInclude>
  </ItemGroup>
  <ItemGroup>
    <ClCompile Include="adder.cpp">
      <Filter>Source Files</Filter>
    </ClCompile>
    <ClCompile Include="module.cpp">
      <Filter>Source Files</Filter>
    </ClCompile>
    <ClCompile Include="multiplier.cpp">
      <Filter>Source Files</Filter>
    </ClCompile>
    <ClCompile Include="ComparatorModule.cpp">
      <Filter>Source Files</Filter>
    </ClCompile>
    <ClCompile Include="ConstantModule.cpp">
      <Filter>Source Files</Filter>
    </ClCompile>
    <ClCompile Include="MaxInputModule.cpp">
      <Filter>Source Files</Filter>
    </ClCompile>
    <ClCompile Include="bit_shift.cpp">
      <Filter>Source Files</Filter>
    </ClCompile>
    <ClCompile Include="MedianModule.cpp">
      <Filter>Source Files</Filter>
    </ClCompile>
    <ClCompile Include="Multiplexer.cpp">
      <Filter>Source Files</Filter>
    </ClCompile>
    <ClCompile Include="PixelEvaluator.cpp">
      <Filter>Source Files</Filter>
    </ClCompile>
    <ClCompile Include="PixelInput.cpp">
      <Filter>Source Files</Filter>
    </ClCompile>
    <ClCompile Include="SigmoidInput.cpp">
      <Filter>Source Files</Filter>
    </ClCompile>
    <ClCompile Include="AndOr.cpp">
      <Filter>Source Files</Filter>
    </ClCompile>
  </ItemGroup>
</Project>